
Microsoft Visual Studio Solution File, Format Version 12.00
# Visual Studio 14
VisualStudioVersion = 14.0.25420.1
MinimumVisualStudioVersion = 10.0.40219.1
Project("{FAE04EC0-301F-11D3-BF4B-00C04F79EFBC}") = "Square-Area", "Square-Area\Square-Area.csproj", "{D3B67D9D-8B31-49CC-85F4-CE4565ADFAA3}"
EndProject
Project("{FAE04EC0-301F-11D3-BF4B-00C04F79EFBC}") = "Inches-to-Centimeters", "Inches-to-Centimeters\Inches-to-Centimeters.csproj", "{305A2A5F-087B-4058-A7BD-73BF99FD0103}"
EndProject
Project("{FAE04EC0-301F-11D3-BF4B-00C04F79EFBC}") = "Greeting", "Greeting\Greeting.csproj", "{0E4B5F47-8CC6-49DB-9CED-E933A97536EC}"
EndProject
Project("{FAE04EC0-301F-11D3-BF4B-00C04F79EFBC}") = "Concatenate-Data", "Concatenate-Data\Concatenate-Data.csproj", "{4CE6F867-FA4F-4EB0-B701-866E9A41D893}"
EndProject
Project("{FAE04EC0-301F-11D3-BF4B-00C04F79EFBC}") = "Trapezoid-Area", "Trapezoid-Area\Trapezoid-Area.csproj", "{1C744472-03FD-4EB9-A747-45330D84AAAF}"
EndProject
Project("{FAE04EC0-301F-11D3-BF4B-00C04F79EFBC}") = "CircleAreaandPerimeter", "CircleAreaandPerimeter\CircleAreaandPerimeter.csproj", "{C5C26024-CDE5-47F9-BB0A-5C9C99B30D61}"
EndProject
Project("{FAE04EC0-301F-11D3-BF4B-00C04F79EFBC}") = "TEMP", "TEMP\TEMP.csproj", "{BE6D4447-6A8B-48F6-B8C6-49A0CFA99416}"
EndProject
Project("{FAE04EC0-301F-11D3-BF4B-00C04F79EFBC}") = "2DRectangleArea", "2DRectangleArea\2DRectangleArea.csproj", "{B877B177-254E-4618-8AC8-278C5B7EBE85}"
EndProject
Project("{FAE04EC0-301F-11D3-BF4B-00C04F79EFBC}") = "TriangleF", "TriangleF\TriangleF.csproj", "{063A912E-50F2-4041-9F0F-E1E26587A97A}"
EndProject
Project("{FAE04EC0-301F-11D3-BF4B-00C04F79EFBC}") = "Cels2Far", "Cels2Far\Cels2Far.csproj", "{66ACB3D1-EF8A-4D0E-B8DE-58C18D28461E}"
EndProject
Project("{FAE04EC0-301F-11D3-BF4B-00C04F79EFBC}") = "rad2deg", "rad2deg\rad2deg.csproj", "{67C2E09E-9459-4F43-A9E4-C89CA5E1D3F2}"
EndProject
Project("{FAE04EC0-301F-11D3-BF4B-00C04F79EFBC}") = "usd2bgn", "usd2bgn\usd2bgn.csproj", "{34C45FFC-D3AC-47C3-B7FB-5245E14F8990}"
EndProject
Project("{FAE04EC0-301F-11D3-BF4B-00C04F79EFBC}") = "curconv4", "curconv4\curconv4.csproj", "{B197E656-F637-4372-9ED4-7E3F49AF38F5}"
EndProject
Project("{FAE04EC0-301F-11D3-BF4B-00C04F79EFBC}") = "CCn3", "CCn3\CCn3.csproj", "{0F57C982-C379-443A-AF8A-66563C2ED185}"
EndProject
Project("{FAE04EC0-301F-11D3-BF4B-00C04F79EFBC}") = "1000days", "1000days\1000days.csproj", "{FF75CBFC-257F-4567-8C7B-5B549FB98820}"
EndProject
Project("{FAE04EC0-301F-11D3-BF4B-00C04F79EFBC}") = "GUIConverter1", "GUIConverter1\GUIConverter1.csproj", "{B51F1224-A5F0-4EB8-B838-3116F5C114E1}"
EndProject
Project("{FAE04EC0-301F-11D3-BF4B-00C04F79EFBC}") = "GUIbutton", "GUIbutton\GUIbutton.csproj", "{471D6D9E-04BC-4EF9-8B0B-705590846A81}"
EndProject
Project("{FAE04EC0-301F-11D3-BF4B-00C04F79EFBC}") = "1000days1", "1000days1\1000days1.csproj", "{201FE8B7-BFA6-4FB0-963E-8C668825FA96}"
EndProject
Global
	GlobalSection(SolutionConfigurationPlatforms) = preSolution
		Debug|Any CPU = Debug|Any CPU
		Release|Any CPU = Release|Any CPU
	EndGlobalSection
	GlobalSection(ProjectConfigurationPlatforms) = postSolution
		{D3B67D9D-8B31-49CC-85F4-CE4565ADFAA3}.Debug|Any CPU.ActiveCfg = Debug|Any CPU
		{D3B67D9D-8B31-49CC-85F4-CE4565ADFAA3}.Debug|Any CPU.Build.0 = Debug|Any CPU
		{D3B67D9D-8B31-49CC-85F4-CE4565ADFAA3}.Release|Any CPU.ActiveCfg = Release|Any CPU
		{D3B67D9D-8B31-49CC-85F4-CE4565ADFAA3}.Release|Any CPU.Build.0 = Release|Any CPU
		{305A2A5F-087B-4058-A7BD-73BF99FD0103}.Debug|Any CPU.ActiveCfg = Debug|Any CPU
		{305A2A5F-087B-4058-A7BD-73BF99FD0103}.Debug|Any CPU.Build.0 = Debug|Any CPU
		{305A2A5F-087B-4058-A7BD-73BF99FD0103}.Release|Any CPU.ActiveCfg = Release|Any CPU
		{305A2A5F-087B-4058-A7BD-73BF99FD0103}.Release|Any CPU.Build.0 = Release|Any CPU
		{0E4B5F47-8CC6-49DB-9CED-E933A97536EC}.Debug|Any CPU.ActiveCfg = Debug|Any CPU
		{0E4B5F47-8CC6-49DB-9CED-E933A97536EC}.Debug|Any CPU.Build.0 = Debug|Any CPU
		{0E4B5F47-8CC6-49DB-9CED-E933A97536EC}.Release|Any CPU.ActiveCfg = Release|Any CPU
		{0E4B5F47-8CC6-49DB-9CED-E933A97536EC}.Release|Any CPU.Build.0 = Release|Any CPU
		{4CE6F867-FA4F-4EB0-B701-866E9A41D893}.Debug|Any CPU.ActiveCfg = Debug|Any CPU
		{4CE6F867-FA4F-4EB0-B701-866E9A41D893}.Debug|Any CPU.Build.0 = Debug|Any CPU
		{4CE6F867-FA4F-4EB0-B701-866E9A41D893}.Release|Any CPU.ActiveCfg = Release|Any CPU
		{4CE6F867-FA4F-4EB0-B701-866E9A41D893}.Release|Any CPU.Build.0 = Release|Any CPU
		{1C744472-03FD-4EB9-A747-45330D84AAAF}.Debug|Any CPU.ActiveCfg = Debug|Any CPU
		{1C744472-03FD-4EB9-A747-45330D84AAAF}.Debug|Any CPU.Build.0 = Debug|Any CPU
		{1C744472-03FD-4EB9-A747-45330D84AAAF}.Release|Any CPU.ActiveCfg = Release|Any CPU
		{1C744472-03FD-4EB9-A747-45330D84AAAF}.Release|Any CPU.Build.0 = Release|Any CPU
		{C5C26024-CDE5-47F9-BB0A-5C9C99B30D61}.Debug|Any CPU.ActiveCfg = Debug|Any CPU
		{C5C26024-CDE5-47F9-BB0A-5C9C99B30D61}.Debug|Any CPU.Build.0 = Debug|Any CPU
		{C5C26024-CDE5-47F9-BB0A-5C9C99B30D61}.Release|Any CPU.ActiveCfg = Release|Any CPU
		{C5C26024-CDE5-47F9-BB0A-5C9C99B30D61}.Release|Any CPU.Build.0 = Release|Any CPU
		{BE6D4447-6A8B-48F6-B8C6-49A0CFA99416}.Debug|Any CPU.ActiveCfg = Debug|Any CPU
		{BE6D4447-6A8B-48F6-B8C6-49A0CFA99416}.Debug|Any CPU.Build.0 = Debug|Any CPU
		{BE6D4447-6A8B-48F6-B8C6-49A0CFA99416}.Release|Any CPU.ActiveCfg = Release|Any CPU
		{BE6D4447-6A8B-48F6-B8C6-49A0CFA99416}.Release|Any CPU.Build.0 = Release|Any CPU
		{B877B177-254E-4618-8AC8-278C5B7EBE85}.Debug|Any CPU.ActiveCfg = Debug|Any CPU
		{B877B177-254E-4618-8AC8-278C5B7EBE85}.Debug|Any CPU.Build.0 = Debug|Any CPU
		{B877B177-254E-4618-8AC8-278C5B7EBE85}.Release|Any CPU.ActiveCfg = Release|Any CPU
		{B877B177-254E-4618-8AC8-278C5B7EBE85}.Release|Any CPU.Build.0 = Release|Any CPU
		{063A912E-50F2-4041-9F0F-E1E26587A97A}.Debug|Any CPU.ActiveCfg = Debug|Any CPU
		{063A912E-50F2-4041-9F0F-E1E26587A97A}.Debug|Any CPU.Build.0 = Debug|Any CPU
		{063A912E-50F2-4041-9F0F-E1E26587A97A}.Release|Any CPU.ActiveCfg = Release|Any CPU
		{063A912E-50F2-4041-9F0F-E1E26587A97A}.Release|Any CPU.Build.0 = Release|Any CPU
		{66ACB3D1-EF8A-4D0E-B8DE-58C18D28461E}.Debug|Any CPU.ActiveCfg = Debug|Any CPU
		{66ACB3D1-EF8A-4D0E-B8DE-58C18D28461E}.Debug|Any CPU.Build.0 = Debug|Any CPU
		{66ACB3D1-EF8A-4D0E-B8DE-58C18D28461E}.Release|Any CPU.ActiveCfg = Release|Any CPU
		{66ACB3D1-EF8A-4D0E-B8DE-58C18D28461E}.Release|Any CPU.Build.0 = Release|Any CPU
		{67C2E09E-9459-4F43-A9E4-C89CA5E1D3F2}.Debug|Any CPU.ActiveCfg = Debug|Any CPU
		{67C2E09E-9459-4F43-A9E4-C89CA5E1D3F2}.Debug|Any CPU.Build.0 = Debug|Any CPU
		{67C2E09E-9459-4F43-A9E4-C89CA5E1D3F2}.Release|Any CPU.ActiveCfg = Release|Any CPU
		{67C2E09E-9459-4F43-A9E4-C89CA5E1D3F2}.Release|Any CPU.Build.0 = Release|Any CPU
		{34C45FFC-D3AC-47C3-B7FB-5245E14F8990}.Debug|Any CPU.ActiveCfg = Debug|Any CPU
		{34C45FFC-D3AC-47C3-B7FB-5245E14F8990}.Debug|Any CPU.Build.0 = Debug|Any CPU
		{34C45FFC-D3AC-47C3-B7FB-5245E14F8990}.Release|Any CPU.ActiveCfg = Release|Any CPU
		{34C45FFC-D3AC-47C3-B7FB-5245E14F8990}.Release|Any CPU.Build.0 = Release|Any CPU
		{B197E656-F637-4372-9ED4-7E3F49AF38F5}.Debug|Any CPU.ActiveCfg = Debug|Any CPU
		{B197E656-F637-4372-9ED4-7E3F49AF38F5}.Debug|Any CPU.Build.0 = Debug|Any CPU
		{B197E656-F637-4372-9ED4-7E3F49AF38F5}.Release|Any CPU.ActiveCfg = Release|Any CPU
		{B197E656-F637-4372-9ED4-7E3F49AF38F5}.Release|Any CPU.Build.0 = Release|Any CPU
		{0F57C982-C379-443A-AF8A-66563C2ED185}.Debug|Any CPU.ActiveCfg = Debug|Any CPU
		{0F57C982-C379-443A-AF8A-66563C2ED185}.Debug|Any CPU.Build.0 = Debug|Any CPU
		{0F57C982-C379-443A-AF8A-66563C2ED185}.Release|Any CPU.ActiveCfg = Release|Any CPU
		{0F57C982-C379-443A-AF8A-66563C2ED185}.Release|Any CPU.Build.0 = Release|Any CPU
		{FF75CBFC-257F-4567-8C7B-5B549FB98820}.Debug|Any CPU.ActiveCfg = Debug|Any CPU
		{FF75CBFC-257F-4567-8C7B-5B549FB98820}.Debug|Any CPU.Build.0 = Debug|Any CPU
		{FF75CBFC-257F-4567-8C7B-5B549FB98820}.Release|Any CPU.ActiveCfg = Release|Any CPU
		{FF75CBFC-257F-4567-8C7B-5B549FB98820}.Release|Any CPU.Build.0 = Release|Any CPU
		{B51F1224-A5F0-4EB8-B838-3116F5C114E1}.Debug|Any CPU.ActiveCfg = Debug|Any CPU
		{B51F1224-A5F0-4EB8-B838-3116F5C114E1}.Debug|Any CPU.Build.0 = Debug|Any CPU
		{B51F1224-A5F0-4EB8-B838-3116F5C114E1}.Release|Any CPU.ActiveCfg = Release|Any CPU
		{B51F1224-A5F0-4EB8-B838-3116F5C114E1}.Release|Any CPU.Build.0 = Release|Any CPU
		{471D6D9E-04BC-4EF9-8B0B-705590846A81}.Debug|Any CPU.ActiveCfg = Debug|Any CPU
		{471D6D9E-04BC-4EF9-8B0B-705590846A81}.Debug|Any CPU.Build.0 = Debug|Any CPU
		{471D6D9E-04BC-4EF9-8B0B-705590846A81}.Release|Any CPU.ActiveCfg = Release|Any CPU
		{471D6D9E-04BC-4EF9-8B0B-705590846A81}.Release|Any CPU.Build.0 = Release|Any CPU
		{201FE8B7-BFA6-4FB0-963E-8C668825FA96}.Debug|Any CPU.ActiveCfg = Debug|Any CPU
		{201FE8B7-BFA6-4FB0-963E-8C668825FA96}.Debug|Any CPU.Build.0 = Debug|Any CPU
		{201FE8B7-BFA6-4FB0-963E-8C668825FA96}.Release|Any CPU.ActiveCfg = Release|Any CPU
		{201FE8B7-BFA6-4FB0-963E-8C668825FA96}.Release|Any CPU.Build.0 = Release|Any CPU
	EndGlobalSection
	GlobalSection(SolutionProperties) = preSolution
		HideSolutionNode = FALSE
	EndGlobalSection
EndGlobal
