
Microsoft Visual Studio Solution File, Format Version 12.00
# Visual Studio 14
VisualStudioVersion = 14.0.25420.1
MinimumVisualStudioVersion = 10.0.40219.1
Project("{FAE04EC0-301F-11D3-BF4B-00C04F79EFBC}") = "TMP", "TMP\TMP.csproj", "{5DB5BA0C-1F3F-472C-A62A-01302E58E56C}"
EndProject
Project("{FAE04EC0-301F-11D3-BF4B-00C04F79EFBC}") = "specialnums", "specialnums\specialnums.csproj", "{DDF94BFC-815B-408A-9875-CEFD638B26C2}"
EndProject
Project("{FAE04EC0-301F-11D3-BF4B-00C04F79EFBC}") = "castle", "castle\castle.csproj", "{03191E13-7E41-420A-B44B-7CD5CFBAFE45}"
EndProject
Project("{FAE04EC0-301F-11D3-BF4B-00C04F79EFBC}") = "woo", "woo\woo.csproj", "{6683F5FB-2526-4B37-BD61-053828F43037}"
EndProject
Project("{FAE04EC0-301F-11D3-BF4B-00C04F79EFBC}") = "hotelroom", "..\hotelroom\hotelroom\hotelroom.csproj", "{4EF6EE3F-D1A1-4D76-92F3-50264F9361F7}"
EndProject
Project("{FAE04EC0-301F-11D3-BF4B-00C04F79EFBC}") = "crops", "crops\crops.csproj", "{F6DF60C9-F60D-4123-9A7E-47E016E531D6}"
EndProject
Project("{FAE04EC0-301F-11D3-BF4B-00C04F79EFBC}") = "studyhall", "studyhall\studyhall.csproj", "{435C3F6F-4423-4A6F-968B-F2514D229ABD}"
EndProject
Global
	GlobalSection(SolutionConfigurationPlatforms) = preSolution
		Debug|Any CPU = Debug|Any CPU
		Release|Any CPU = Release|Any CPU
	EndGlobalSection
	GlobalSection(ProjectConfigurationPlatforms) = postSolution
		{5DB5BA0C-1F3F-472C-A62A-01302E58E56C}.Debug|Any CPU.ActiveCfg = Debug|Any CPU
		{5DB5BA0C-1F3F-472C-A62A-01302E58E56C}.Debug|Any CPU.Build.0 = Debug|Any CPU
		{5DB5BA0C-1F3F-472C-A62A-01302E58E56C}.Release|Any CPU.ActiveCfg = Release|Any CPU
		{5DB5BA0C-1F3F-472C-A62A-01302E58E56C}.Release|Any CPU.Build.0 = Release|Any CPU
		{DDF94BFC-815B-408A-9875-CEFD638B26C2}.Debug|Any CPU.ActiveCfg = Debug|Any CPU
		{DDF94BFC-815B-408A-9875-CEFD638B26C2}.Debug|Any CPU.Build.0 = Debug|Any CPU
		{DDF94BFC-815B-408A-9875-CEFD638B26C2}.Release|Any CPU.ActiveCfg = Release|Any CPU
		{DDF94BFC-815B-408A-9875-CEFD638B26C2}.Release|Any CPU.Build.0 = Release|Any CPU
		{03191E13-7E41-420A-B44B-7CD5CFBAFE45}.Debug|Any CPU.ActiveCfg = Debug|Any CPU
		{03191E13-7E41-420A-B44B-7CD5CFBAFE45}.Debug|Any CPU.Build.0 = Debug|Any CPU
		{03191E13-7E41-420A-B44B-7CD5CFBAFE45}.Release|Any CPU.ActiveCfg = Release|Any CPU
		{03191E13-7E41-420A-B44B-7CD5CFBAFE45}.Release|Any CPU.Build.0 = Release|Any CPU
		{6683F5FB-2526-4B37-BD61-053828F43037}.Debug|Any CPU.ActiveCfg = Debug|Any CPU
		{6683F5FB-2526-4B37-BD61-053828F43037}.Debug|Any CPU.Build.0 = Debug|Any CPU
		{6683F5FB-2526-4B37-BD61-053828F43037}.Release|Any CPU.ActiveCfg = Release|Any CPU
		{6683F5FB-2526-4B37-BD61-053828F43037}.Release|Any CPU.Build.0 = Release|Any CPU
		{4EF6EE3F-D1A1-4D76-92F3-50264F9361F7}.Debug|Any CPU.ActiveCfg = Debug|Any CPU
		{4EF6EE3F-D1A1-4D76-92F3-50264F9361F7}.Debug|Any CPU.Build.0 = Debug|Any CPU
		{4EF6EE3F-D1A1-4D76-92F3-50264F9361F7}.Release|Any CPU.ActiveCfg = Release|Any CPU
		{4EF6EE3F-D1A1-4D76-92F3-50264F9361F7}.Release|Any CPU.Build.0 = Release|Any CPU
		{F6DF60C9-F60D-4123-9A7E-47E016E531D6}.Debug|Any CPU.ActiveCfg = Debug|Any CPU
		{F6DF60C9-F60D-4123-9A7E-47E016E531D6}.Debug|Any CPU.Build.0 = Debug|Any CPU
		{F6DF60C9-F60D-4123-9A7E-47E016E531D6}.Release|Any CPU.ActiveCfg = Release|Any CPU
		{F6DF60C9-F60D-4123-9A7E-47E016E531D6}.Release|Any CPU.Build.0 = Release|Any CPU
		{435C3F6F-4423-4A6F-968B-F2514D229ABD}.Debug|Any CPU.ActiveCfg = Debug|Any CPU
		{435C3F6F-4423-4A6F-968B-F2514D229ABD}.Debug|Any CPU.Build.0 = Debug|Any CPU
		{435C3F6F-4423-4A6F-968B-F2514D229ABD}.Release|Any CPU.ActiveCfg = Release|Any CPU
		{435C3F6F-4423-4A6F-968B-F2514D229ABD}.Release|Any CPU.Build.0 = Release|Any CPU
	EndGlobalSection
	GlobalSection(SolutionProperties) = preSolution
		HideSolutionNode = FALSE
	EndGlobalSection
EndGlobal
