
Microsoft Visual Studio Solution File, Format Version 12.00
# Visual Studio 14
VisualStudioVersion = 14.0.25420.1
MinimumVisualStudioVersion = 10.0.40219.1
Project("{FAE04EC0-301F-11D3-BF4B-00C04F79EFBC}") = "TMP", "TMP\TMP.csproj", "{AF49050E-B377-470C-A355-471E61D6F745}"
EndProject
Project("{FAE04EC0-301F-11D3-BF4B-00C04F79EFBC}") = "choco", "choco\choco.csproj", "{2F997C36-80B4-4507-A0C5-514E4A96B171}"
EndProject
Project("{FAE04EC0-301F-11D3-BF4B-00C04F79EFBC}") = "tennis", "tennis\tennis.csproj", "{829B5D8E-B933-46F3-9BA0-04883CD3A577}"
EndProject
Project("{FAE04EC0-301F-11D3-BF4B-00C04F79EFBC}") = "dishes", "dishes\dishes.csproj", "{D1628A09-7A65-4550-A282-6B45B97DD0FB}"
EndProject
Project("{FAE04EC0-301F-11D3-BF4B-00C04F79EFBC}") = "backwards", "ConsoleApplication1\backwards.csproj", "{97AECFA8-610A-47F3-8807-0DB29104C040}"
EndProject
Project("{FAE04EC0-301F-11D3-BF4B-00C04F79EFBC}") = "n+3", "n+3\n+3.csproj", "{B61F3592-BC4C-4020-9B69-A597F37B77D5}"
EndProject
Project("{FAE04EC0-301F-11D3-BF4B-00C04F79EFBC}") = "2n", "2n\2n.csproj", "{DA0E3818-FF11-467F-8BFF-556C2C4C6018}"
EndProject
Project("{FAE04EC0-301F-11D3-BF4B-00C04F79EFBC}") = "2by2", "2by2\2by2.csproj", "{0FB3B776-E87F-4D82-B2BB-69D605E1A5E5}"
EndProject
Project("{FAE04EC0-301F-11D3-BF4B-00C04F79EFBC}") = "2k+1", "2k\2k+1.csproj", "{14A76188-21F4-45C5-A880-5E571D43347D}"
EndProject
Project("{FAE04EC0-301F-11D3-BF4B-00C04F79EFBC}") = "2k+1while", "2k+1while\2k+1while.csproj", "{9BC3D08A-989F-4A2E-8D3D-83499A9315A4}"
EndProject
Project("{FAE04EC0-301F-11D3-BF4B-00C04F79EFBC}") = "1to100num", "1to100num\1to100num.csproj", "{FEC47751-A326-4508-823D-000ADB66D545}"
EndProject
Project("{FAE04EC0-301F-11D3-BF4B-00C04F79EFBC}") = "gcd", "gcd\gcd.csproj", "{5FF41C03-A265-4B97-BBCA-C24734CF41D1}"
EndProject
Project("{FAE04EC0-301F-11D3-BF4B-00C04F79EFBC}") = "факториел", "факториел\факториел.csproj", "{9D327E3C-0CD9-4845-AD6A-783464655D1A}"
EndProject
Project("{FAE04EC0-301F-11D3-BF4B-00C04F79EFBC}") = "numsum", "numsum\numsum.csproj", "{910E7572-8C0D-4C8E-AF62-FC6E079F6680}"
EndProject
Project("{FAE04EC0-301F-11D3-BF4B-00C04F79EFBC}") = "ifprime", "ifprime\ifprime.csproj", "{6051A0E8-E024-4904-AE19-D07EF2444658}"
EndProject
Project("{FAE04EC0-301F-11D3-BF4B-00C04F79EFBC}") = "ifevennumber", "ifevennumber\ifevennumber.csproj", "{D555AC85-AD4F-4EEF-A864-F7063B4E3BAD}"
EndProject
Global
	GlobalSection(SolutionConfigurationPlatforms) = preSolution
		Debug|Any CPU = Debug|Any CPU
		Release|Any CPU = Release|Any CPU
	EndGlobalSection
	GlobalSection(ProjectConfigurationPlatforms) = postSolution
		{AF49050E-B377-470C-A355-471E61D6F745}.Debug|Any CPU.ActiveCfg = Debug|Any CPU
		{AF49050E-B377-470C-A355-471E61D6F745}.Debug|Any CPU.Build.0 = Debug|Any CPU
		{AF49050E-B377-470C-A355-471E61D6F745}.Release|Any CPU.ActiveCfg = Release|Any CPU
		{AF49050E-B377-470C-A355-471E61D6F745}.Release|Any CPU.Build.0 = Release|Any CPU
		{2F997C36-80B4-4507-A0C5-514E4A96B171}.Debug|Any CPU.ActiveCfg = Debug|Any CPU
		{2F997C36-80B4-4507-A0C5-514E4A96B171}.Debug|Any CPU.Build.0 = Debug|Any CPU
		{2F997C36-80B4-4507-A0C5-514E4A96B171}.Release|Any CPU.ActiveCfg = Release|Any CPU
		{2F997C36-80B4-4507-A0C5-514E4A96B171}.Release|Any CPU.Build.0 = Release|Any CPU
		{829B5D8E-B933-46F3-9BA0-04883CD3A577}.Debug|Any CPU.ActiveCfg = Debug|Any CPU
		{829B5D8E-B933-46F3-9BA0-04883CD3A577}.Debug|Any CPU.Build.0 = Debug|Any CPU
		{829B5D8E-B933-46F3-9BA0-04883CD3A577}.Release|Any CPU.ActiveCfg = Release|Any CPU
		{829B5D8E-B933-46F3-9BA0-04883CD3A577}.Release|Any CPU.Build.0 = Release|Any CPU
		{D1628A09-7A65-4550-A282-6B45B97DD0FB}.Debug|Any CPU.ActiveCfg = Debug|Any CPU
		{D1628A09-7A65-4550-A282-6B45B97DD0FB}.Debug|Any CPU.Build.0 = Debug|Any CPU
		{D1628A09-7A65-4550-A282-6B45B97DD0FB}.Release|Any CPU.ActiveCfg = Release|Any CPU
		{D1628A09-7A65-4550-A282-6B45B97DD0FB}.Release|Any CPU.Build.0 = Release|Any CPU
		{97AECFA8-610A-47F3-8807-0DB29104C040}.Debug|Any CPU.ActiveCfg = Debug|Any CPU
		{97AECFA8-610A-47F3-8807-0DB29104C040}.Debug|Any CPU.Build.0 = Debug|Any CPU
		{97AECFA8-610A-47F3-8807-0DB29104C040}.Release|Any CPU.ActiveCfg = Release|Any CPU
		{97AECFA8-610A-47F3-8807-0DB29104C040}.Release|Any CPU.Build.0 = Release|Any CPU
		{B61F3592-BC4C-4020-9B69-A597F37B77D5}.Debug|Any CPU.ActiveCfg = Debug|Any CPU
		{B61F3592-BC4C-4020-9B69-A597F37B77D5}.Debug|Any CPU.Build.0 = Debug|Any CPU
		{B61F3592-BC4C-4020-9B69-A597F37B77D5}.Release|Any CPU.ActiveCfg = Release|Any CPU
		{B61F3592-BC4C-4020-9B69-A597F37B77D5}.Release|Any CPU.Build.0 = Release|Any CPU
		{DA0E3818-FF11-467F-8BFF-556C2C4C6018}.Debug|Any CPU.ActiveCfg = Debug|Any CPU
		{DA0E3818-FF11-467F-8BFF-556C2C4C6018}.Debug|Any CPU.Build.0 = Debug|Any CPU
		{DA0E3818-FF11-467F-8BFF-556C2C4C6018}.Release|Any CPU.ActiveCfg = Release|Any CPU
		{DA0E3818-FF11-467F-8BFF-556C2C4C6018}.Release|Any CPU.Build.0 = Release|Any CPU
		{0FB3B776-E87F-4D82-B2BB-69D605E1A5E5}.Debug|Any CPU.ActiveCfg = Debug|Any CPU
		{0FB3B776-E87F-4D82-B2BB-69D605E1A5E5}.Debug|Any CPU.Build.0 = Debug|Any CPU
		{0FB3B776-E87F-4D82-B2BB-69D605E1A5E5}.Release|Any CPU.ActiveCfg = Release|Any CPU
		{0FB3B776-E87F-4D82-B2BB-69D605E1A5E5}.Release|Any CPU.Build.0 = Release|Any CPU
		{14A76188-21F4-45C5-A880-5E571D43347D}.Debug|Any CPU.ActiveCfg = Debug|Any CPU
		{14A76188-21F4-45C5-A880-5E571D43347D}.Debug|Any CPU.Build.0 = Debug|Any CPU
		{14A76188-21F4-45C5-A880-5E571D43347D}.Release|Any CPU.ActiveCfg = Release|Any CPU
		{14A76188-21F4-45C5-A880-5E571D43347D}.Release|Any CPU.Build.0 = Release|Any CPU
		{9BC3D08A-989F-4A2E-8D3D-83499A9315A4}.Debug|Any CPU.ActiveCfg = Debug|Any CPU
		{9BC3D08A-989F-4A2E-8D3D-83499A9315A4}.Debug|Any CPU.Build.0 = Debug|Any CPU
		{9BC3D08A-989F-4A2E-8D3D-83499A9315A4}.Release|Any CPU.ActiveCfg = Release|Any CPU
		{9BC3D08A-989F-4A2E-8D3D-83499A9315A4}.Release|Any CPU.Build.0 = Release|Any CPU
		{FEC47751-A326-4508-823D-000ADB66D545}.Debug|Any CPU.ActiveCfg = Debug|Any CPU
		{FEC47751-A326-4508-823D-000ADB66D545}.Debug|Any CPU.Build.0 = Debug|Any CPU
		{FEC47751-A326-4508-823D-000ADB66D545}.Release|Any CPU.ActiveCfg = Release|Any CPU
		{FEC47751-A326-4508-823D-000ADB66D545}.Release|Any CPU.Build.0 = Release|Any CPU
		{5FF41C03-A265-4B97-BBCA-C24734CF41D1}.Debug|Any CPU.ActiveCfg = Debug|Any CPU
		{5FF41C03-A265-4B97-BBCA-C24734CF41D1}.Debug|Any CPU.Build.0 = Debug|Any CPU
		{5FF41C03-A265-4B97-BBCA-C24734CF41D1}.Release|Any CPU.ActiveCfg = Release|Any CPU
		{5FF41C03-A265-4B97-BBCA-C24734CF41D1}.Release|Any CPU.Build.0 = Release|Any CPU
		{9D327E3C-0CD9-4845-AD6A-783464655D1A}.Debug|Any CPU.ActiveCfg = Debug|Any CPU
		{9D327E3C-0CD9-4845-AD6A-783464655D1A}.Debug|Any CPU.Build.0 = Debug|Any CPU
		{9D327E3C-0CD9-4845-AD6A-783464655D1A}.Release|Any CPU.ActiveCfg = Release|Any CPU
		{9D327E3C-0CD9-4845-AD6A-783464655D1A}.Release|Any CPU.Build.0 = Release|Any CPU
		{910E7572-8C0D-4C8E-AF62-FC6E079F6680}.Debug|Any CPU.ActiveCfg = Debug|Any CPU
		{910E7572-8C0D-4C8E-AF62-FC6E079F6680}.Debug|Any CPU.Build.0 = Debug|Any CPU
		{910E7572-8C0D-4C8E-AF62-FC6E079F6680}.Release|Any CPU.ActiveCfg = Release|Any CPU
		{910E7572-8C0D-4C8E-AF62-FC6E079F6680}.Release|Any CPU.Build.0 = Release|Any CPU
		{6051A0E8-E024-4904-AE19-D07EF2444658}.Debug|Any CPU.ActiveCfg = Debug|Any CPU
		{6051A0E8-E024-4904-AE19-D07EF2444658}.Debug|Any CPU.Build.0 = Debug|Any CPU
		{6051A0E8-E024-4904-AE19-D07EF2444658}.Release|Any CPU.ActiveCfg = Release|Any CPU
		{6051A0E8-E024-4904-AE19-D07EF2444658}.Release|Any CPU.Build.0 = Release|Any CPU
		{D555AC85-AD4F-4EEF-A864-F7063B4E3BAD}.Debug|Any CPU.ActiveCfg = Debug|Any CPU
		{D555AC85-AD4F-4EEF-A864-F7063B4E3BAD}.Debug|Any CPU.Build.0 = Debug|Any CPU
		{D555AC85-AD4F-4EEF-A864-F7063B4E3BAD}.Release|Any CPU.ActiveCfg = Release|Any CPU
		{D555AC85-AD4F-4EEF-A864-F7063B4E3BAD}.Release|Any CPU.Build.0 = Release|Any CPU
	EndGlobalSection
	GlobalSection(SolutionProperties) = preSolution
		HideSolutionNode = FALSE
	EndGlobalSection
EndGlobal
