
Microsoft Visual Studio Solution File, Format Version 12.00
# Visual Studio 14
VisualStudioVersion = 14.0.25420.1
MinimumVisualStudioVersion = 10.0.40219.1
Project("{FAE04EC0-301F-11D3-BF4B-00C04F79EFBC}") = "circleareaandperimeter", "squarearea\circleareaandperimeter.csproj", "{753183DF-241D-43AA-92CE-9EE7CED99A2E}"
EndProject
Project("{FAE04EC0-301F-11D3-BF4B-00C04F79EFBC}") = "squareinflat", "squareinflat\squareinflat.csproj", "{61E865FE-3585-493B-8BC5-77F83EDFEF0F}"
EndProject
Project("{FAE04EC0-301F-11D3-BF4B-00C04F79EFBC}") = "squaresquare", "squaresquare\squaresquare.csproj", "{B324BA8A-DB8D-4F9C-B459-6AF79E3E7B51}"
EndProject
Project("{FAE04EC0-301F-11D3-BF4B-00C04F79EFBC}") = "inchtocm", "inchtocm\inchtocm.csproj", "{CBFAE77E-42EF-47E6-833A-39570E556C9F}"
EndProject
Project("{FAE04EC0-301F-11D3-BF4B-00C04F79EFBC}") = "hwlloname", "hwlloname\hwlloname.csproj", "{E7896128-2A5C-4FEA-A537-E8C58BDC4304}"
EndProject
Project("{FAE04EC0-301F-11D3-BF4B-00C04F79EFBC}") = "personfrom", "personfrom\personfrom.csproj", "{B4BFAD78-6CF6-4A36-8555-2D075DAC024E}"
EndProject
Project("{FAE04EC0-301F-11D3-BF4B-00C04F79EFBC}") = "trapezoid", "trapezoid\trapezoid.csproj", "{9B53A401-866A-4F22-8284-D4AF3EEC2C88}"
EndProject
Project("{FAE04EC0-301F-11D3-BF4B-00C04F79EFBC}") = "trianglearea", "trianglearea\trianglearea.csproj", "{4C840AAF-A832-482B-A4A0-3499F554981F}"
EndProject
Project("{FAE04EC0-301F-11D3-BF4B-00C04F79EFBC}") = "cel2far", "cel2far\cel2far.csproj", "{35E9EA83-5E9D-49EE-A36A-33EB46C6C091}"
EndProject
Project("{FAE04EC0-301F-11D3-BF4B-00C04F79EFBC}") = "rad2deg", "rad2deg\rad2deg.csproj", "{AFF50F35-B027-4569-A7DA-C3494AFCAEDF}"
EndProject
Project("{FAE04EC0-301F-11D3-BF4B-00C04F79EFBC}") = "1000days", "1000days\1000days.csproj", "{6BE6C038-6824-4FBB-B82A-D3DFE2B9A8F2}"
EndProject
Global
	GlobalSection(SolutionConfigurationPlatforms) = preSolution
		Debug|Any CPU = Debug|Any CPU
		Release|Any CPU = Release|Any CPU
	EndGlobalSection
	GlobalSection(ProjectConfigurationPlatforms) = postSolution
		{753183DF-241D-43AA-92CE-9EE7CED99A2E}.Debug|Any CPU.ActiveCfg = Debug|Any CPU
		{753183DF-241D-43AA-92CE-9EE7CED99A2E}.Debug|Any CPU.Build.0 = Debug|Any CPU
		{753183DF-241D-43AA-92CE-9EE7CED99A2E}.Release|Any CPU.ActiveCfg = Release|Any CPU
		{753183DF-241D-43AA-92CE-9EE7CED99A2E}.Release|Any CPU.Build.0 = Release|Any CPU
		{61E865FE-3585-493B-8BC5-77F83EDFEF0F}.Debug|Any CPU.ActiveCfg = Debug|Any CPU
		{61E865FE-3585-493B-8BC5-77F83EDFEF0F}.Debug|Any CPU.Build.0 = Debug|Any CPU
		{61E865FE-3585-493B-8BC5-77F83EDFEF0F}.Release|Any CPU.ActiveCfg = Release|Any CPU
		{61E865FE-3585-493B-8BC5-77F83EDFEF0F}.Release|Any CPU.Build.0 = Release|Any CPU
		{B324BA8A-DB8D-4F9C-B459-6AF79E3E7B51}.Debug|Any CPU.ActiveCfg = Debug|Any CPU
		{B324BA8A-DB8D-4F9C-B459-6AF79E3E7B51}.Debug|Any CPU.Build.0 = Debug|Any CPU
		{B324BA8A-DB8D-4F9C-B459-6AF79E3E7B51}.Release|Any CPU.ActiveCfg = Release|Any CPU
		{B324BA8A-DB8D-4F9C-B459-6AF79E3E7B51}.Release|Any CPU.Build.0 = Release|Any CPU
		{CBFAE77E-42EF-47E6-833A-39570E556C9F}.Debug|Any CPU.ActiveCfg = Debug|Any CPU
		{CBFAE77E-42EF-47E6-833A-39570E556C9F}.Debug|Any CPU.Build.0 = Debug|Any CPU
		{CBFAE77E-42EF-47E6-833A-39570E556C9F}.Release|Any CPU.ActiveCfg = Release|Any CPU
		{CBFAE77E-42EF-47E6-833A-39570E556C9F}.Release|Any CPU.Build.0 = Release|Any CPU
		{E7896128-2A5C-4FEA-A537-E8C58BDC4304}.Debug|Any CPU.ActiveCfg = Debug|Any CPU
		{E7896128-2A5C-4FEA-A537-E8C58BDC4304}.Debug|Any CPU.Build.0 = Debug|Any CPU
		{E7896128-2A5C-4FEA-A537-E8C58BDC4304}.Release|Any CPU.ActiveCfg = Release|Any CPU
		{E7896128-2A5C-4FEA-A537-E8C58BDC4304}.Release|Any CPU.Build.0 = Release|Any CPU
		{B4BFAD78-6CF6-4A36-8555-2D075DAC024E}.Debug|Any CPU.ActiveCfg = Debug|Any CPU
		{B4BFAD78-6CF6-4A36-8555-2D075DAC024E}.Debug|Any CPU.Build.0 = Debug|Any CPU
		{B4BFAD78-6CF6-4A36-8555-2D075DAC024E}.Release|Any CPU.ActiveCfg = Release|Any CPU
		{B4BFAD78-6CF6-4A36-8555-2D075DAC024E}.Release|Any CPU.Build.0 = Release|Any CPU
		{9B53A401-866A-4F22-8284-D4AF3EEC2C88}.Debug|Any CPU.ActiveCfg = Debug|Any CPU
		{9B53A401-866A-4F22-8284-D4AF3EEC2C88}.Debug|Any CPU.Build.0 = Debug|Any CPU
		{9B53A401-866A-4F22-8284-D4AF3EEC2C88}.Release|Any CPU.ActiveCfg = Release|Any CPU
		{9B53A401-866A-4F22-8284-D4AF3EEC2C88}.Release|Any CPU.Build.0 = Release|Any CPU
		{4C840AAF-A832-482B-A4A0-3499F554981F}.Debug|Any CPU.ActiveCfg = Debug|Any CPU
		{4C840AAF-A832-482B-A4A0-3499F554981F}.Debug|Any CPU.Build.0 = Debug|Any CPU
		{4C840AAF-A832-482B-A4A0-3499F554981F}.Release|Any CPU.ActiveCfg = Release|Any CPU
		{4C840AAF-A832-482B-A4A0-3499F554981F}.Release|Any CPU.Build.0 = Release|Any CPU
		{35E9EA83-5E9D-49EE-A36A-33EB46C6C091}.Debug|Any CPU.ActiveCfg = Debug|Any CPU
		{35E9EA83-5E9D-49EE-A36A-33EB46C6C091}.Debug|Any CPU.Build.0 = Debug|Any CPU
		{35E9EA83-5E9D-49EE-A36A-33EB46C6C091}.Release|Any CPU.ActiveCfg = Release|Any CPU
		{35E9EA83-5E9D-49EE-A36A-33EB46C6C091}.Release|Any CPU.Build.0 = Release|Any CPU
		{AFF50F35-B027-4569-A7DA-C3494AFCAEDF}.Debug|Any CPU.ActiveCfg = Debug|Any CPU
		{AFF50F35-B027-4569-A7DA-C3494AFCAEDF}.Debug|Any CPU.Build.0 = Debug|Any CPU
		{AFF50F35-B027-4569-A7DA-C3494AFCAEDF}.Release|Any CPU.ActiveCfg = Release|Any CPU
		{AFF50F35-B027-4569-A7DA-C3494AFCAEDF}.Release|Any CPU.Build.0 = Release|Any CPU
		{6BE6C038-6824-4FBB-B82A-D3DFE2B9A8F2}.Debug|Any CPU.ActiveCfg = Debug|Any CPU
		{6BE6C038-6824-4FBB-B82A-D3DFE2B9A8F2}.Debug|Any CPU.Build.0 = Debug|Any CPU
		{6BE6C038-6824-4FBB-B82A-D3DFE2B9A8F2}.Release|Any CPU.ActiveCfg = Release|Any CPU
		{6BE6C038-6824-4FBB-B82A-D3DFE2B9A8F2}.Release|Any CPU.Build.0 = Release|Any CPU
	EndGlobalSection
	GlobalSection(SolutionProperties) = preSolution
		HideSolutionNode = FALSE
	EndGlobalSection
EndGlobal
