
Microsoft Visual Studio Solution File, Format Version 12.00
# Visual Studio 14
VisualStudioVersion = 14.0.25420.1
MinimumVisualStudioVersion = 10.0.40219.1
Project("{FAE04EC0-301F-11D3-BF4B-00C04F79EFBC}") = "temp", "temp\temp.csproj", "{A36778EE-F1D3-412E-BBC1-888DFA486DEB}"
EndProject
Project("{FAE04EC0-301F-11D3-BF4B-00C04F79EFBC}") = "10starsrectangle", "10starsrectangle\10starsrectangle.csproj", "{843D3C27-6F08-41CC-BC99-F95021F02F10}"
EndProject
Project("{FAE04EC0-301F-11D3-BF4B-00C04F79EFBC}") = "nxnstarsrectangle", "nxnstarsrectangle\nxnstarsrectangle.csproj", "{DEBB9451-A334-4893-BF84-A67F5929BC76}"
EndProject
Project("{FAE04EC0-301F-11D3-BF4B-00C04F79EFBC}") = "squareofstars", "squareofstars\squareofstars.csproj", "{CCADBD19-F43E-4C5F-9B0D-4CFE55821C48}"
EndProject
Project("{FAE04EC0-301F-11D3-BF4B-00C04F79EFBC}") = "dolartriangle", "dolartriangle\dolartriangle.csproj", "{53B459F2-9522-4068-AE1A-C5912CE223FD}"
EndProject
Project("{FAE04EC0-301F-11D3-BF4B-00C04F79EFBC}") = "squareframe", "squareframe\squareframe.csproj", "{11EE9BD9-0FCF-44E7-88C5-77468C3ECED8}"
EndProject
Project("{FAE04EC0-301F-11D3-BF4B-00C04F79EFBC}") = "starromb", "starromb\starromb.csproj", "{E00B72A3-BF8C-4A89-A614-6C887FD2AA40}"
EndProject
Project("{FAE04EC0-301F-11D3-BF4B-00C04F79EFBC}") = "diamond", "diamond\diamond.csproj", "{94921606-0674-483F-98F9-6C353BACEA49}"
EndProject
Project("{FAE04EC0-301F-11D3-BF4B-00C04F79EFBC}") = "castle1", "castle1\castle1.csproj", "{C8AA12B1-03EF-4FF4-BCD9-70B649E33A9C}"
EndProject
Project("{FAE04EC0-301F-11D3-BF4B-00C04F79EFBC}") = "xmasstree", "xmasstree\xmasstree.csproj", "{9B290223-3153-48AB-BB1C-2BDE49AF2965}"
EndProject
Project("{FAE04EC0-301F-11D3-BF4B-00C04F79EFBC}") = "sunglasses", "sunglasses\sunglasses.csproj", "{9A2CE3D7-7F24-4555-8E45-461C5D941804}"
EndProject
Project("{FAE04EC0-301F-11D3-BF4B-00C04F79EFBC}") = "kashtichka", "kashtichka\kashtichka.csproj", "{FC316826-D766-4733-AEB1-DF29D7773EF6}"
EndProject
Project("{FAE04EC0-301F-11D3-BF4B-00C04F79EFBC}") = "diamondd", "diamondd\diamondd.csproj", "{565F5ABF-6627-4620-B03C-9AB323DC0699}"
EndProject
Global
	GlobalSection(SolutionConfigurationPlatforms) = preSolution
		Debug|Any CPU = Debug|Any CPU
		Release|Any CPU = Release|Any CPU
	EndGlobalSection
	GlobalSection(ProjectConfigurationPlatforms) = postSolution
		{A36778EE-F1D3-412E-BBC1-888DFA486DEB}.Debug|Any CPU.ActiveCfg = Debug|Any CPU
		{A36778EE-F1D3-412E-BBC1-888DFA486DEB}.Debug|Any CPU.Build.0 = Debug|Any CPU
		{A36778EE-F1D3-412E-BBC1-888DFA486DEB}.Release|Any CPU.ActiveCfg = Release|Any CPU
		{A36778EE-F1D3-412E-BBC1-888DFA486DEB}.Release|Any CPU.Build.0 = Release|Any CPU
		{843D3C27-6F08-41CC-BC99-F95021F02F10}.Debug|Any CPU.ActiveCfg = Debug|Any CPU
		{843D3C27-6F08-41CC-BC99-F95021F02F10}.Debug|Any CPU.Build.0 = Debug|Any CPU
		{843D3C27-6F08-41CC-BC99-F95021F02F10}.Release|Any CPU.ActiveCfg = Release|Any CPU
		{843D3C27-6F08-41CC-BC99-F95021F02F10}.Release|Any CPU.Build.0 = Release|Any CPU
		{DEBB9451-A334-4893-BF84-A67F5929BC76}.Debug|Any CPU.ActiveCfg = Debug|Any CPU
		{DEBB9451-A334-4893-BF84-A67F5929BC76}.Debug|Any CPU.Build.0 = Debug|Any CPU
		{DEBB9451-A334-4893-BF84-A67F5929BC76}.Release|Any CPU.ActiveCfg = Release|Any CPU
		{DEBB9451-A334-4893-BF84-A67F5929BC76}.Release|Any CPU.Build.0 = Release|Any CPU
		{CCADBD19-F43E-4C5F-9B0D-4CFE55821C48}.Debug|Any CPU.ActiveCfg = Debug|Any CPU
		{CCADBD19-F43E-4C5F-9B0D-4CFE55821C48}.Debug|Any CPU.Build.0 = Debug|Any CPU
		{CCADBD19-F43E-4C5F-9B0D-4CFE55821C48}.Release|Any CPU.ActiveCfg = Release|Any CPU
		{CCADBD19-F43E-4C5F-9B0D-4CFE55821C48}.Release|Any CPU.Build.0 = Release|Any CPU
		{53B459F2-9522-4068-AE1A-C5912CE223FD}.Debug|Any CPU.ActiveCfg = Debug|Any CPU
		{53B459F2-9522-4068-AE1A-C5912CE223FD}.Debug|Any CPU.Build.0 = Debug|Any CPU
		{53B459F2-9522-4068-AE1A-C5912CE223FD}.Release|Any CPU.ActiveCfg = Release|Any CPU
		{53B459F2-9522-4068-AE1A-C5912CE223FD}.Release|Any CPU.Build.0 = Release|Any CPU
		{11EE9BD9-0FCF-44E7-88C5-77468C3ECED8}.Debug|Any CPU.ActiveCfg = Debug|Any CPU
		{11EE9BD9-0FCF-44E7-88C5-77468C3ECED8}.Debug|Any CPU.Build.0 = Debug|Any CPU
		{11EE9BD9-0FCF-44E7-88C5-77468C3ECED8}.Release|Any CPU.ActiveCfg = Release|Any CPU
		{11EE9BD9-0FCF-44E7-88C5-77468C3ECED8}.Release|Any CPU.Build.0 = Release|Any CPU
		{E00B72A3-BF8C-4A89-A614-6C887FD2AA40}.Debug|Any CPU.ActiveCfg = Debug|Any CPU
		{E00B72A3-BF8C-4A89-A614-6C887FD2AA40}.Debug|Any CPU.Build.0 = Debug|Any CPU
		{E00B72A3-BF8C-4A89-A614-6C887FD2AA40}.Release|Any CPU.ActiveCfg = Release|Any CPU
		{E00B72A3-BF8C-4A89-A614-6C887FD2AA40}.Release|Any CPU.Build.0 = Release|Any CPU
		{94921606-0674-483F-98F9-6C353BACEA49}.Debug|Any CPU.ActiveCfg = Debug|Any CPU
		{94921606-0674-483F-98F9-6C353BACEA49}.Debug|Any CPU.Build.0 = Debug|Any CPU
		{94921606-0674-483F-98F9-6C353BACEA49}.Release|Any CPU.ActiveCfg = Release|Any CPU
		{94921606-0674-483F-98F9-6C353BACEA49}.Release|Any CPU.Build.0 = Release|Any CPU
		{C8AA12B1-03EF-4FF4-BCD9-70B649E33A9C}.Debug|Any CPU.ActiveCfg = Debug|Any CPU
		{C8AA12B1-03EF-4FF4-BCD9-70B649E33A9C}.Debug|Any CPU.Build.0 = Debug|Any CPU
		{C8AA12B1-03EF-4FF4-BCD9-70B649E33A9C}.Release|Any CPU.ActiveCfg = Release|Any CPU
		{C8AA12B1-03EF-4FF4-BCD9-70B649E33A9C}.Release|Any CPU.Build.0 = Release|Any CPU
		{9B290223-3153-48AB-BB1C-2BDE49AF2965}.Debug|Any CPU.ActiveCfg = Debug|Any CPU
		{9B290223-3153-48AB-BB1C-2BDE49AF2965}.Debug|Any CPU.Build.0 = Debug|Any CPU
		{9B290223-3153-48AB-BB1C-2BDE49AF2965}.Release|Any CPU.ActiveCfg = Release|Any CPU
		{9B290223-3153-48AB-BB1C-2BDE49AF2965}.Release|Any CPU.Build.0 = Release|Any CPU
		{9A2CE3D7-7F24-4555-8E45-461C5D941804}.Debug|Any CPU.ActiveCfg = Debug|Any CPU
		{9A2CE3D7-7F24-4555-8E45-461C5D941804}.Debug|Any CPU.Build.0 = Debug|Any CPU
		{9A2CE3D7-7F24-4555-8E45-461C5D941804}.Release|Any CPU.ActiveCfg = Release|Any CPU
		{9A2CE3D7-7F24-4555-8E45-461C5D941804}.Release|Any CPU.Build.0 = Release|Any CPU
		{FC316826-D766-4733-AEB1-DF29D7773EF6}.Debug|Any CPU.ActiveCfg = Debug|Any CPU
		{FC316826-D766-4733-AEB1-DF29D7773EF6}.Debug|Any CPU.Build.0 = Debug|Any CPU
		{FC316826-D766-4733-AEB1-DF29D7773EF6}.Release|Any CPU.ActiveCfg = Release|Any CPU
		{FC316826-D766-4733-AEB1-DF29D7773EF6}.Release|Any CPU.Build.0 = Release|Any CPU
		{565F5ABF-6627-4620-B03C-9AB323DC0699}.Debug|Any CPU.ActiveCfg = Debug|Any CPU
		{565F5ABF-6627-4620-B03C-9AB323DC0699}.Debug|Any CPU.Build.0 = Debug|Any CPU
		{565F5ABF-6627-4620-B03C-9AB323DC0699}.Release|Any CPU.ActiveCfg = Release|Any CPU
		{565F5ABF-6627-4620-B03C-9AB323DC0699}.Release|Any CPU.Build.0 = Release|Any CPU
	EndGlobalSection
	GlobalSection(SolutionProperties) = preSolution
		HideSolutionNode = FALSE
	EndGlobalSection
EndGlobal
