
Microsoft Visual Studio Solution File, Format Version 12.00
# Visual Studio 14
VisualStudioVersion = 14.0.25420.1
MinimumVisualStudioVersion = 10.0.40219.1
Project("{FAE04EC0-301F-11D3-BF4B-00C04F79EFBC}") = "fuel", "fuel\fuel.csproj", "{F28181A6-354A-43AE-B5CA-7549EEC5C9B0}"
EndProject
Project("{FAE04EC0-301F-11D3-BF4B-00C04F79EFBC}") = "TEMP", "TEMP\TEMP.csproj", "{E4E0EC1F-6989-4E28-B739-F55346C59B6D}"
EndProject
Project("{FAE04EC0-301F-11D3-BF4B-00C04F79EFBC}") = "ifelse", "ifelse\ifelse.csproj", "{8FE4640F-67CC-4D69-923A-682425D84699}"
EndProject
Project("{FAE04EC0-301F-11D3-BF4B-00C04F79EFBC}") = "boots2", "boots2\boots2.csproj", "{336FDC26-A1CB-49EA-912D-5E5FA1A41767}"
EndProject
Project("{FAE04EC0-301F-11D3-BF4B-00C04F79EFBC}") = "obuvki3", "obuvki3\obuvki3.csproj", "{0CC42C78-76F4-4A4D-A897-EE8055D91030}"
EndProject
Project("{FAE04EC0-301F-11D3-BF4B-00C04F79EFBC}") = "Excellent-Result", "Excellent-Result\Excellent-Result.csproj", "{2B76CB37-AD45-4B1A-9D79-0944DB8A1E71}"
EndProject
Project("{FAE04EC0-301F-11D3-BF4B-00C04F79EFBC}") = "Excellent-or-Not", "Excellent-or-Not\Excellent-or-Not.csproj", "{ABAD5020-EBF1-497D-9203-D5535F3FE97E}"
EndProject
Project("{FAE04EC0-301F-11D3-BF4B-00C04F79EFBC}") = "evenodd", "evenodd\evenodd.csproj", "{8215D690-1EB1-4B9A-9026-492D1A6471AD}"
EndProject
Project("{FAE04EC0-301F-11D3-BF4B-00C04F79EFBC}") = "GreaterNumber", "GreaterNumber\GreaterNumber.csproj", "{A8984CD8-EBA9-4FAA-B111-ACC51CB6968B}"
EndProject
Project("{FAE04EC0-301F-11D3-BF4B-00C04F79EFBC}") = "0-10", "0-10\0-10.csproj", "{70403B56-2DCA-4A40-9131-C85B450AE937}"
EndProject
Project("{FAE04EC0-301F-11D3-BF4B-00C04F79EFBC}") = "sumseconds", "sumseconds\sumseconds.csproj", "{0CF29144-8DE0-4D5E-BB1B-F606BEBC2B20}"
EndProject
Project("{FAE04EC0-301F-11D3-BF4B-00C04F79EFBC}") = "BonusScore", "BonusScore\BonusScore.csproj", "{E419E6E9-1B0A-4C3F-890B-CEF12CA387ED}"
EndProject
Project("{FAE04EC0-301F-11D3-BF4B-00C04F79EFBC}") = "areaoffigures", "areaoffigures\areaoffigures.csproj", "{321A4BC7-3A4E-46A3-8A24-23245C5E2DD5}"
EndProject
Project("{FAE04EC0-301F-11D3-BF4B-00C04F79EFBC}") = "timeplus15mins", "timeplus15mins\timeplus15mins.csproj", "{59786AFA-E0B8-4183-9D75-80779B70D112}"
EndProject
Project("{FAE04EC0-301F-11D3-BF4B-00C04F79EFBC}") = "metric", "metric\metric.csproj", "{DBF7433A-A663-4DF0-AD79-58FB2CB01652}"
EndProject
Project("{FAE04EC0-301F-11D3-BF4B-00C04F79EFBC}") = "equals", "equals\equals.csproj", "{56CDDB69-3F6F-43D5-B6AC-ACE1FFA22F69}"
EndProject
Project("{FAE04EC0-301F-11D3-BF4B-00C04F79EFBC}") = "passwordGuess", "ConsoleApplication1\passwordGuess.csproj", "{7D06EDA5-11AE-4CBA-977E-F72A4AECC01F}"
EndProject
Project("{FAE04EC0-301F-11D3-BF4B-00C04F79EFBC}") = "arewordsequal", "arewordsequal\arewordsequal.csproj", "{2E766B9F-EB9A-4EC8-AAC0-9D6AE15C14C1}"
EndProject
Project("{FAE04EC0-301F-11D3-BF4B-00C04F79EFBC}") = "100to200", "100to200\100to200.csproj", "{4B015431-DC07-4D6B-A717-4078FC976044}"
EndProject
Project("{FAE04EC0-301F-11D3-BF4B-00C04F79EFBC}") = "speed", "speed\speed.csproj", "{6562F72E-9082-4BD4-B293-59AD94A59C96}"
EndProject
Project("{FAE04EC0-301F-11D3-BF4B-00C04F79EFBC}") = "0to100", "0to100\0to100.csproj", "{E64B98DD-A2AF-4F9D-9A77-13DA1E56346B}"
EndProject
Project("{FAE04EC0-301F-11D3-BF4B-00C04F79EFBC}") = "0to100new", "0to100new\0to100new.csproj", "{C3C23254-90BE-4B12-95E2-D36003D4B36A}"
EndProject
Project("{FAE04EC0-301F-11D3-BF4B-00C04F79EFBC}") = "0to100NewNew", "0to100NewNew\0to100NewNew.csproj", "{8620AF1A-52E8-4B9C-B66D-FB6E8505A8A9}"
EndProject
Global
	GlobalSection(SolutionConfigurationPlatforms) = preSolution
		Debug|Any CPU = Debug|Any CPU
		Release|Any CPU = Release|Any CPU
	EndGlobalSection
	GlobalSection(ProjectConfigurationPlatforms) = postSolution
		{F28181A6-354A-43AE-B5CA-7549EEC5C9B0}.Debug|Any CPU.ActiveCfg = Debug|Any CPU
		{F28181A6-354A-43AE-B5CA-7549EEC5C9B0}.Debug|Any CPU.Build.0 = Debug|Any CPU
		{F28181A6-354A-43AE-B5CA-7549EEC5C9B0}.Release|Any CPU.ActiveCfg = Release|Any CPU
		{F28181A6-354A-43AE-B5CA-7549EEC5C9B0}.Release|Any CPU.Build.0 = Release|Any CPU
		{E4E0EC1F-6989-4E28-B739-F55346C59B6D}.Debug|Any CPU.ActiveCfg = Debug|Any CPU
		{E4E0EC1F-6989-4E28-B739-F55346C59B6D}.Debug|Any CPU.Build.0 = Debug|Any CPU
		{E4E0EC1F-6989-4E28-B739-F55346C59B6D}.Release|Any CPU.ActiveCfg = Release|Any CPU
		{E4E0EC1F-6989-4E28-B739-F55346C59B6D}.Release|Any CPU.Build.0 = Release|Any CPU
		{8FE4640F-67CC-4D69-923A-682425D84699}.Debug|Any CPU.ActiveCfg = Debug|Any CPU
		{8FE4640F-67CC-4D69-923A-682425D84699}.Debug|Any CPU.Build.0 = Debug|Any CPU
		{8FE4640F-67CC-4D69-923A-682425D84699}.Release|Any CPU.ActiveCfg = Release|Any CPU
		{8FE4640F-67CC-4D69-923A-682425D84699}.Release|Any CPU.Build.0 = Release|Any CPU
		{336FDC26-A1CB-49EA-912D-5E5FA1A41767}.Debug|Any CPU.ActiveCfg = Debug|Any CPU
		{336FDC26-A1CB-49EA-912D-5E5FA1A41767}.Debug|Any CPU.Build.0 = Debug|Any CPU
		{336FDC26-A1CB-49EA-912D-5E5FA1A41767}.Release|Any CPU.ActiveCfg = Release|Any CPU
		{336FDC26-A1CB-49EA-912D-5E5FA1A41767}.Release|Any CPU.Build.0 = Release|Any CPU
		{0CC42C78-76F4-4A4D-A897-EE8055D91030}.Debug|Any CPU.ActiveCfg = Debug|Any CPU
		{0CC42C78-76F4-4A4D-A897-EE8055D91030}.Debug|Any CPU.Build.0 = Debug|Any CPU
		{0CC42C78-76F4-4A4D-A897-EE8055D91030}.Release|Any CPU.ActiveCfg = Release|Any CPU
		{0CC42C78-76F4-4A4D-A897-EE8055D91030}.Release|Any CPU.Build.0 = Release|Any CPU
		{2B76CB37-AD45-4B1A-9D79-0944DB8A1E71}.Debug|Any CPU.ActiveCfg = Debug|Any CPU
		{2B76CB37-AD45-4B1A-9D79-0944DB8A1E71}.Debug|Any CPU.Build.0 = Debug|Any CPU
		{2B76CB37-AD45-4B1A-9D79-0944DB8A1E71}.Release|Any CPU.ActiveCfg = Release|Any CPU
		{2B76CB37-AD45-4B1A-9D79-0944DB8A1E71}.Release|Any CPU.Build.0 = Release|Any CPU
		{ABAD5020-EBF1-497D-9203-D5535F3FE97E}.Debug|Any CPU.ActiveCfg = Debug|Any CPU
		{ABAD5020-EBF1-497D-9203-D5535F3FE97E}.Debug|Any CPU.Build.0 = Debug|Any CPU
		{ABAD5020-EBF1-497D-9203-D5535F3FE97E}.Release|Any CPU.ActiveCfg = Release|Any CPU
		{ABAD5020-EBF1-497D-9203-D5535F3FE97E}.Release|Any CPU.Build.0 = Release|Any CPU
		{8215D690-1EB1-4B9A-9026-492D1A6471AD}.Debug|Any CPU.ActiveCfg = Debug|Any CPU
		{8215D690-1EB1-4B9A-9026-492D1A6471AD}.Debug|Any CPU.Build.0 = Debug|Any CPU
		{8215D690-1EB1-4B9A-9026-492D1A6471AD}.Release|Any CPU.ActiveCfg = Release|Any CPU
		{8215D690-1EB1-4B9A-9026-492D1A6471AD}.Release|Any CPU.Build.0 = Release|Any CPU
		{A8984CD8-EBA9-4FAA-B111-ACC51CB6968B}.Debug|Any CPU.ActiveCfg = Debug|Any CPU
		{A8984CD8-EBA9-4FAA-B111-ACC51CB6968B}.Debug|Any CPU.Build.0 = Debug|Any CPU
		{A8984CD8-EBA9-4FAA-B111-ACC51CB6968B}.Release|Any CPU.ActiveCfg = Release|Any CPU
		{A8984CD8-EBA9-4FAA-B111-ACC51CB6968B}.Release|Any CPU.Build.0 = Release|Any CPU
		{70403B56-2DCA-4A40-9131-C85B450AE937}.Debug|Any CPU.ActiveCfg = Debug|Any CPU
		{70403B56-2DCA-4A40-9131-C85B450AE937}.Debug|Any CPU.Build.0 = Debug|Any CPU
		{70403B56-2DCA-4A40-9131-C85B450AE937}.Release|Any CPU.ActiveCfg = Release|Any CPU
		{70403B56-2DCA-4A40-9131-C85B450AE937}.Release|Any CPU.Build.0 = Release|Any CPU
		{0CF29144-8DE0-4D5E-BB1B-F606BEBC2B20}.Debug|Any CPU.ActiveCfg = Debug|Any CPU
		{0CF29144-8DE0-4D5E-BB1B-F606BEBC2B20}.Debug|Any CPU.Build.0 = Debug|Any CPU
		{0CF29144-8DE0-4D5E-BB1B-F606BEBC2B20}.Release|Any CPU.ActiveCfg = Release|Any CPU
		{0CF29144-8DE0-4D5E-BB1B-F606BEBC2B20}.Release|Any CPU.Build.0 = Release|Any CPU
		{E419E6E9-1B0A-4C3F-890B-CEF12CA387ED}.Debug|Any CPU.ActiveCfg = Debug|Any CPU
		{E419E6E9-1B0A-4C3F-890B-CEF12CA387ED}.Debug|Any CPU.Build.0 = Debug|Any CPU
		{E419E6E9-1B0A-4C3F-890B-CEF12CA387ED}.Release|Any CPU.ActiveCfg = Release|Any CPU
		{E419E6E9-1B0A-4C3F-890B-CEF12CA387ED}.Release|Any CPU.Build.0 = Release|Any CPU
		{321A4BC7-3A4E-46A3-8A24-23245C5E2DD5}.Debug|Any CPU.ActiveCfg = Debug|Any CPU
		{321A4BC7-3A4E-46A3-8A24-23245C5E2DD5}.Debug|Any CPU.Build.0 = Debug|Any CPU
		{321A4BC7-3A4E-46A3-8A24-23245C5E2DD5}.Release|Any CPU.ActiveCfg = Release|Any CPU
		{321A4BC7-3A4E-46A3-8A24-23245C5E2DD5}.Release|Any CPU.Build.0 = Release|Any CPU
		{59786AFA-E0B8-4183-9D75-80779B70D112}.Debug|Any CPU.ActiveCfg = Debug|Any CPU
		{59786AFA-E0B8-4183-9D75-80779B70D112}.Debug|Any CPU.Build.0 = Debug|Any CPU
		{59786AFA-E0B8-4183-9D75-80779B70D112}.Release|Any CPU.ActiveCfg = Release|Any CPU
		{59786AFA-E0B8-4183-9D75-80779B70D112}.Release|Any CPU.Build.0 = Release|Any CPU
		{DBF7433A-A663-4DF0-AD79-58FB2CB01652}.Debug|Any CPU.ActiveCfg = Debug|Any CPU
		{DBF7433A-A663-4DF0-AD79-58FB2CB01652}.Debug|Any CPU.Build.0 = Debug|Any CPU
		{DBF7433A-A663-4DF0-AD79-58FB2CB01652}.Release|Any CPU.ActiveCfg = Release|Any CPU
		{DBF7433A-A663-4DF0-AD79-58FB2CB01652}.Release|Any CPU.Build.0 = Release|Any CPU
		{56CDDB69-3F6F-43D5-B6AC-ACE1FFA22F69}.Debug|Any CPU.ActiveCfg = Debug|Any CPU
		{56CDDB69-3F6F-43D5-B6AC-ACE1FFA22F69}.Debug|Any CPU.Build.0 = Debug|Any CPU
		{56CDDB69-3F6F-43D5-B6AC-ACE1FFA22F69}.Release|Any CPU.ActiveCfg = Release|Any CPU
		{56CDDB69-3F6F-43D5-B6AC-ACE1FFA22F69}.Release|Any CPU.Build.0 = Release|Any CPU
		{7D06EDA5-11AE-4CBA-977E-F72A4AECC01F}.Debug|Any CPU.ActiveCfg = Debug|Any CPU
		{7D06EDA5-11AE-4CBA-977E-F72A4AECC01F}.Debug|Any CPU.Build.0 = Debug|Any CPU
		{7D06EDA5-11AE-4CBA-977E-F72A4AECC01F}.Release|Any CPU.ActiveCfg = Release|Any CPU
		{7D06EDA5-11AE-4CBA-977E-F72A4AECC01F}.Release|Any CPU.Build.0 = Release|Any CPU
		{2E766B9F-EB9A-4EC8-AAC0-9D6AE15C14C1}.Debug|Any CPU.ActiveCfg = Debug|Any CPU
		{2E766B9F-EB9A-4EC8-AAC0-9D6AE15C14C1}.Debug|Any CPU.Build.0 = Debug|Any CPU
		{2E766B9F-EB9A-4EC8-AAC0-9D6AE15C14C1}.Release|Any CPU.ActiveCfg = Release|Any CPU
		{2E766B9F-EB9A-4EC8-AAC0-9D6AE15C14C1}.Release|Any CPU.Build.0 = Release|Any CPU
		{4B015431-DC07-4D6B-A717-4078FC976044}.Debug|Any CPU.ActiveCfg = Debug|Any CPU
		{4B015431-DC07-4D6B-A717-4078FC976044}.Debug|Any CPU.Build.0 = Debug|Any CPU
		{4B015431-DC07-4D6B-A717-4078FC976044}.Release|Any CPU.ActiveCfg = Release|Any CPU
		{4B015431-DC07-4D6B-A717-4078FC976044}.Release|Any CPU.Build.0 = Release|Any CPU
		{6562F72E-9082-4BD4-B293-59AD94A59C96}.Debug|Any CPU.ActiveCfg = Debug|Any CPU
		{6562F72E-9082-4BD4-B293-59AD94A59C96}.Debug|Any CPU.Build.0 = Debug|Any CPU
		{6562F72E-9082-4BD4-B293-59AD94A59C96}.Release|Any CPU.ActiveCfg = Release|Any CPU
		{6562F72E-9082-4BD4-B293-59AD94A59C96}.Release|Any CPU.Build.0 = Release|Any CPU
		{E64B98DD-A2AF-4F9D-9A77-13DA1E56346B}.Debug|Any CPU.ActiveCfg = Debug|Any CPU
		{E64B98DD-A2AF-4F9D-9A77-13DA1E56346B}.Debug|Any CPU.Build.0 = Debug|Any CPU
		{E64B98DD-A2AF-4F9D-9A77-13DA1E56346B}.Release|Any CPU.ActiveCfg = Release|Any CPU
		{E64B98DD-A2AF-4F9D-9A77-13DA1E56346B}.Release|Any CPU.Build.0 = Release|Any CPU
		{C3C23254-90BE-4B12-95E2-D36003D4B36A}.Debug|Any CPU.ActiveCfg = Debug|Any CPU
		{C3C23254-90BE-4B12-95E2-D36003D4B36A}.Debug|Any CPU.Build.0 = Debug|Any CPU
		{C3C23254-90BE-4B12-95E2-D36003D4B36A}.Release|Any CPU.ActiveCfg = Release|Any CPU
		{C3C23254-90BE-4B12-95E2-D36003D4B36A}.Release|Any CPU.Build.0 = Release|Any CPU
		{8620AF1A-52E8-4B9C-B66D-FB6E8505A8A9}.Debug|Any CPU.ActiveCfg = Debug|Any CPU
		{8620AF1A-52E8-4B9C-B66D-FB6E8505A8A9}.Debug|Any CPU.Build.0 = Debug|Any CPU
		{8620AF1A-52E8-4B9C-B66D-FB6E8505A8A9}.Release|Any CPU.ActiveCfg = Release|Any CPU
		{8620AF1A-52E8-4B9C-B66D-FB6E8505A8A9}.Release|Any CPU.Build.0 = Release|Any CPU
	EndGlobalSection
	GlobalSection(SolutionProperties) = preSolution
		HideSolutionNode = FALSE
	EndGlobalSection
EndGlobal
