
Microsoft Visual Studio Solution File, Format Version 12.00
# Visual Studio 14
VisualStudioVersion = 14.0.25420.1
MinimumVisualStudioVersion = 10.0.40219.1
Project("{FAE04EC0-301F-11D3-BF4B-00C04F79EFBC}") = "triphotel", "triphotel\triphotel.csproj", "{09B377BA-2755-40E6-A1EB-DC9033198D01}"
EndProject
Project("{FAE04EC0-301F-11D3-BF4B-00C04F79EFBC}") = "fox", "одй\fox.csproj", "{0ADE699B-3D68-472F-A54F-F5786FCB602A}"
EndProject
Project("{FAE04EC0-301F-11D3-BF4B-00C04F79EFBC}") = "rocket", "rocket\rocket.csproj", "{96802736-2297-4AE8-B2A9-0B3E6954BD85}"
EndProject
Project("{FAE04EC0-301F-11D3-BF4B-00C04F79EFBC}") = "axe", "axe\axe.csproj", "{034B7E83-1B0F-4877-8E84-39BBEC5608D3}"
EndProject
Global
	GlobalSection(SolutionConfigurationPlatforms) = preSolution
		Debug|Any CPU = Debug|Any CPU
		Release|Any CPU = Release|Any CPU
	EndGlobalSection
	GlobalSection(ProjectConfigurationPlatforms) = postSolution
		{09B377BA-2755-40E6-A1EB-DC9033198D01}.Debug|Any CPU.ActiveCfg = Debug|Any CPU
		{09B377BA-2755-40E6-A1EB-DC9033198D01}.Debug|Any CPU.Build.0 = Debug|Any CPU
		{09B377BA-2755-40E6-A1EB-DC9033198D01}.Release|Any CPU.ActiveCfg = Release|Any CPU
		{09B377BA-2755-40E6-A1EB-DC9033198D01}.Release|Any CPU.Build.0 = Release|Any CPU
		{0ADE699B-3D68-472F-A54F-F5786FCB602A}.Debug|Any CPU.ActiveCfg = Debug|Any CPU
		{0ADE699B-3D68-472F-A54F-F5786FCB602A}.Debug|Any CPU.Build.0 = Debug|Any CPU
		{0ADE699B-3D68-472F-A54F-F5786FCB602A}.Release|Any CPU.ActiveCfg = Release|Any CPU
		{0ADE699B-3D68-472F-A54F-F5786FCB602A}.Release|Any CPU.Build.0 = Release|Any CPU
		{96802736-2297-4AE8-B2A9-0B3E6954BD85}.Debug|Any CPU.ActiveCfg = Debug|Any CPU
		{96802736-2297-4AE8-B2A9-0B3E6954BD85}.Debug|Any CPU.Build.0 = Debug|Any CPU
		{96802736-2297-4AE8-B2A9-0B3E6954BD85}.Release|Any CPU.ActiveCfg = Release|Any CPU
		{96802736-2297-4AE8-B2A9-0B3E6954BD85}.Release|Any CPU.Build.0 = Release|Any CPU
		{034B7E83-1B0F-4877-8E84-39BBEC5608D3}.Debug|Any CPU.ActiveCfg = Debug|Any CPU
		{034B7E83-1B0F-4877-8E84-39BBEC5608D3}.Debug|Any CPU.Build.0 = Debug|Any CPU
		{034B7E83-1B0F-4877-8E84-39BBEC5608D3}.Release|Any CPU.ActiveCfg = Release|Any CPU
		{034B7E83-1B0F-4877-8E84-39BBEC5608D3}.Release|Any CPU.Build.0 = Release|Any CPU
	EndGlobalSection
	GlobalSection(SolutionProperties) = preSolution
		HideSolutionNode = FALSE
	EndGlobalSection
EndGlobal
